
Microsoft Visual Studio Solution File, Format Version 12.00
# Visual Studio for Mac
Project("{FAE04EC0-301F-11D3-BF4B-00C04F79EFBC}") = "Assembly-CSharp", "Assembly-CSharp.csproj", "{1F546C70-C02A-BE77-14CC-9B723185AF95}"
EndProject
Project("{FAE04EC0-301F-11D3-BF4B-00C04F79EFBC}") = "Assembly-CSharp-firstpass", "Assembly-CSharp-firstpass.csproj", "{31F24F1D-2F35-0BDB-FA6B-1B7B54B6D461}"
EndProject
Project("{FAE04EC0-301F-11D3-BF4B-00C04F79EFBC}") = "Assembly-CSharp-Editor-firstpass", "Assembly-CSharp-Editor-firstpass.csproj", "{98254A26-22C1-DD3D-5EFE-AFE97D56761A}"
EndProject
Global
	GlobalSection(SolutionConfigurationPlatforms) = preSolution
		Debug|Any CPU = Debug|Any CPU
		Release|Any CPU = Release|Any CPU
	EndGlobalSection
	GlobalSection(ProjectConfigurationPlatforms) = postSolution
		{1F546C70-C02A-BE77-14CC-9B723185AF95}.Debug|Any CPU.ActiveCfg = Debug|Any CPU
		{1F546C70-C02A-BE77-14CC-9B723185AF95}.Debug|Any CPU.Build.0 = Debug|Any CPU
		{1F546C70-C02A-BE77-14CC-9B723185AF95}.Release|Any CPU.ActiveCfg = Release|Any CPU
		{1F546C70-C02A-BE77-14CC-9B723185AF95}.Release|Any CPU.Build.0 = Release|Any CPU
		{31F24F1D-2F35-0BDB-FA6B-1B7B54B6D461}.Debug|Any CPU.ActiveCfg = Debug|Any CPU
		{31F24F1D-2F35-0BDB-FA6B-1B7B54B6D461}.Debug|Any CPU.Build.0 = Debug|Any CPU
		{31F24F1D-2F35-0BDB-FA6B-1B7B54B6D461}.Release|Any CPU.ActiveCfg = Release|Any CPU
		{31F24F1D-2F35-0BDB-FA6B-1B7B54B6D461}.Release|Any CPU.Build.0 = Release|Any CPU
		{98254A26-22C1-DD3D-5EFE-AFE97D56761A}.Debug|Any CPU.ActiveCfg = Debug|Any CPU
		{98254A26-22C1-DD3D-5EFE-AFE97D56761A}.Debug|Any CPU.Build.0 = Debug|Any CPU
		{98254A26-22C1-DD3D-5EFE-AFE97D56761A}.Release|Any CPU.ActiveCfg = Release|Any CPU
		{98254A26-22C1-DD3D-5EFE-AFE97D56761A}.Release|Any CPU.Build.0 = Release|Any CPU
	EndGlobalSection
	GlobalSection(SolutionProperties) = preSolution
		HideSolutionNode = FALSE
	EndGlobalSection
EndGlobal
